# This file is automatically @generated by Cargo.
# It is not intended for manual editing.
[[package]]
name = "bmap-tools-rs"
version = "0.1.0"
dependencies = [
 "xml-rs",
]

[[package]]
name = "xml-rs"
version = "0.8.3"
source = "registry+https://github.com/rust-lang/crates.io-index"
checksum = "b07db065a5cf61a7e4ba64f29e67db906fb1787316516c4e6e5ff0fea1efcd8a"
